Microsoft Visual Studio Solution File, Format Version 12.00
# Visual Studio Version 17
VisualStudioVersion = 17.5.2.0
MinimumVisualStudioVersion = 10.0.40219.1
Project("{FAE04EC0-301F-11D3-BF4B-00C04F79EFBC}") = "one-do", "one-do.csproj", "{91A36F42-D67C-4220-1158-A30DBB868026}"
EndProject
Global
	GlobalSection(SolutionConfigurationPlatforms) = preSolution
		Debug|Any CPU = Debug|Any CPU
		Release|Any CPU = Release|Any CPU
	EndGlobalSection
	GlobalSection(ProjectConfigurationPlatforms) = postSolution
		{91A36F42-D67C-4220-1158-A30DBB868026}.Debug|Any CPU.ActiveCfg = Debug|Any CPU
		{91A36F42-D67C-4220-1158-A30DBB868026}.Debug|Any CPU.Build.0 = Debug|Any CPU
		{91A36F42-D67C-4220-1158-A30DBB868026}.Release|Any CPU.ActiveCfg = Release|Any CPU
		{91A36F42-D67C-4220-1158-A30DBB868026}.Release|Any CPU.Build.0 = Release|Any CPU
	EndGlobalSection
	GlobalSection(SolutionProperties) = preSolution
		HideSolutionNode = FALSE
	EndGlobalSection
	GlobalSection(ExtensibilityGlobals) = postSolution
		SolutionGuid = {794460C0-0FEF-426F-A58C-4936B0D1247F}
	EndGlobalSection
EndGlobal
